
Microsoft Visual Studio Solution File, Format Version 12.00
# Visual Studio 2012
Project("{FAE04EC0-301F-11D3-BF4B-00C04F79EFBC}") = "HospitalityInternetNZ", "HospitalityInternetNZ\HospitalityInternetNZ.csproj", "{F37C7EAB-B55A-4D18-9546-75886DD5B127}"
EndProject
Project("{FAE04EC0-301F-11D3-BF4B-00C04F79EFBC}") = "HospitalityInternetNZ-GUI", "HospitalityInternetNZ-GUI\HospitalityInternetNZ-GUI.csproj", "{AEDC9474-CEEA-42FA-A4AC-A86FAB1FDA36}"
EndProject
Global
	GlobalSection(SolutionConfigurationPlatforms) = preSolution
		Debug|Any CPU = Debug|Any CPU
		Release|Any CPU = Release|Any CPU
	EndGlobalSection
	GlobalSection(ProjectConfigurationPlatforms) = postSolution
		{F37C7EAB-B55A-4D18-9546-75886DD5B127}.Debug|Any CPU.ActiveCfg = Debug|Any CPU
		{F37C7EAB-B55A-4D18-9546-75886DD5B127}.Debug|Any CPU.Build.0 = Debug|Any CPU
		{F37C7EAB-B55A-4D18-9546-75886DD5B127}.Release|Any CPU.ActiveCfg = Release|Any CPU
		{F37C7EAB-B55A-4D18-9546-75886DD5B127}.Release|Any CPU.Build.0 = Release|Any CPU
		{AEDC9474-CEEA-42FA-A4AC-A86FAB1FDA36}.Debug|Any CPU.ActiveCfg = Debug|Any CPU
		{AEDC9474-CEEA-42FA-A4AC-A86FAB1FDA36}.Debug|Any CPU.Build.0 = Debug|Any CPU
		{AEDC9474-CEEA-42FA-A4AC-A86FAB1FDA36}.Release|Any CPU.ActiveCfg = Release|Any CPU
		{AEDC9474-CEEA-42FA-A4AC-A86FAB1FDA36}.Release|Any CPU.Build.0 = Release|Any CPU
	EndGlobalSection
	GlobalSection(SolutionProperties) = preSolution
		HideSolutionNode = FALSE
	EndGlobalSection
EndGlobal
